
Microsoft Visual Studio Solution File, Format Version 12.00
# Visual Studio Version 16
VisualStudioVersion = 16.0.31005.135
MinimumVisualStudioVersion = 10.0.40219.1
Project("{FAE04EC0-301F-11D3-BF4B-00C04F79EFBC}") = "SignalRChat", "SignalRChat.csproj", "{559BF028-0738-47EE-AAAB-47618DFBF373}"
EndProject
Global
	GlobalSection(SolutionConfigurationPlatforms) = preSolution
		Debug|Any CPU = Debug|Any CPU
		Release|Any CPU = Release|Any CPU
	EndGlobalSection
	GlobalSection(ProjectConfigurationPlatforms) = postSolution
		{559BF028-0738-47EE-AAAB-47618DFBF373}.Debug|Any CPU.ActiveCfg = Debug|Any CPU
		{559BF028-0738-47EE-AAAB-47618DFBF373}.Debug|Any CPU.Build.0 = Debug|Any CPU
		{559BF028-0738-47EE-AAAB-47618DFBF373}.Release|Any CPU.ActiveCfg = Release|Any CPU
		{559BF028-0738-47EE-AAAB-47618DFBF373}.Release|Any CPU.Build.0 = Release|Any CPU
	EndGlobalSection
	GlobalSection(SolutionProperties) = preSolution
		HideSolutionNode = FALSE
	EndGlobalSection
	GlobalSection(ExtensibilityGlobals) = postSolution
		SolutionGuid = {A0A468E0-B021-4FD1-9126-015DAB93CF8C}
	EndGlobalSection
EndGlobal
